
Microsoft Visual Studio Solution File, Format Version 12.00
# Visual Studio Version 17
VisualStudioVersion = 17.10.35013.160
MinimumVisualStudioVersion = 10.0.40219.1
Project("{9A19103F-16F7-4668-BE54-9A1E7A4F7556}") = "as-05", "as-05\as-05.csproj", "{ED60FC2C-9AFB-419D-960B-FD9F2CE4CBF7}"
EndProject
Project("{FAE04EC0-301F-11D3-BF4B-00C04F79EFBC}") = "demo", "demo\demo.csproj", "{6D9E6845-6D42-4DE8-A83C-354DDEBCCFDB}"
EndProject
Global
	GlobalSection(SolutionConfigurationPlatforms) = preSolution
		Debug|Any CPU = Debug|Any CPU
		Release|Any CPU = Release|Any CPU
	EndGlobalSection
	GlobalSection(ProjectConfigurationPlatforms) = postSolution
		{ED60FC2C-9AFB-419D-960B-FD9F2CE4CBF7}.Debug|Any CPU.ActiveCfg = Debug|Any CPU
		{ED60FC2C-9AFB-419D-960B-FD9F2CE4CBF7}.Debug|Any CPU.Build.0 = Debug|Any CPU
		{ED60FC2C-9AFB-419D-960B-FD9F2CE4CBF7}.Release|Any CPU.ActiveCfg = Release|Any CPU
		{ED60FC2C-9AFB-419D-960B-FD9F2CE4CBF7}.Release|Any CPU.Build.0 = Release|Any CPU
		{6D9E6845-6D42-4DE8-A83C-354DDEBCCFDB}.Debug|Any CPU.ActiveCfg = Debug|Any CPU
		{6D9E6845-6D42-4DE8-A83C-354DDEBCCFDB}.Debug|Any CPU.Build.0 = Debug|Any CPU
		{6D9E6845-6D42-4DE8-A83C-354DDEBCCFDB}.Release|Any CPU.ActiveCfg = Release|Any CPU
		{6D9E6845-6D42-4DE8-A83C-354DDEBCCFDB}.Release|Any CPU.Build.0 = Release|Any CPU
	EndGlobalSection
	GlobalSection(SolutionProperties) = preSolution
		HideSolutionNode = FALSE
	EndGlobalSection
	GlobalSection(ExtensibilityGlobals) = postSolution
		SolutionGuid = {FA265FF5-DBA2-4948-BE24-E1566EDC4688}
	EndGlobalSection
EndGlobal
